
Microsoft Visual Studio Solution File, Format Version 12.00
# Visual Studio 15
VisualStudioVersion = 15.0.26228.4
MinimumVisualStudioVersion = 10.0.40219.1
Project("{FAE04EC0-301F-11D3-BF4B-00C04F79EFBC}") = "Jambo.Domain", "Jambo.Domain\Jambo.Domain.csproj", "{C86E10A8-096F-41E6-87F5-828A5AF2EF23}"
EndProject
Project("{FAE04EC0-301F-11D3-BF4B-00C04F79EFBC}") = "Jambo.Application", "Jambo.Application\Jambo.Application.csproj", "{C7766AEE-DC38-441D-A55C-B0F4A49E4F47}"
EndProject
Project("{FAE04EC0-301F-11D3-BF4B-00C04F79EFBC}") = "Jambo.API", "Jambo.API\Jambo.API.csproj", "{3525B7E5-BBD7-4F6E-9E64-9736CA558931}"
EndProject
Project("{E53339B2-1760-4266-BCC7-CA923CBCF16C}") = "docker-compose", "docker-compose.dcproj", "{C0CD9096-79A1-4021-92B5-DBF690F0A361}"
EndProject
Project("{FAE04EC0-301F-11D3-BF4B-00C04F79EFBC}") = "Jambo.Data.Dapper", "..\Jambo.Data.Dapper\Jambo.Data.Dapper.csproj", "{B1EEF127-0928-42D8-A805-54067623190B}"
EndProject
Project("{FAE04EC0-301F-11D3-BF4B-00C04F79EFBC}") = "Jambo.Data.EF", "Jambo.Data.EF\Jambo.Data.EF.csproj", "{77600376-3B08-4A4E-B048-72A3D3566093}"
EndProject
Project("{FAE04EC0-301F-11D3-BF4B-00C04F79EFBC}") = "Jambo.Infrastructure", "Jambo.Infrastructure\Jambo.Infrastructure.csproj", "{AAB4DD88-01A8-4F6C-90A3-F35EB94F984A}"
EndProject
Project("{2150E333-8FDC-42A3-9474-1A3956D46DE8}") = "Business Logic", "Business Logic", "{A1244988-A78A-4546-B132-C57529C97592}"
EndProject
Project("{2150E333-8FDC-42A3-9474-1A3956D46DE8}") = "Data Access", "Data Access", "{7400C04C-F9AF-432B-B8C2-094E69286899}"
EndProject
Project("{2150E333-8FDC-42A3-9474-1A3956D46DE8}") = "User Interface", "User Interface", "{64D31E35-4CF6-4BD7-8B02-B4066C11F5ED}"
EndProject
Project("{2150E333-8FDC-42A3-9474-1A3956D46DE8}") = "Infrastructure", "Infrastructure", "{9705EC34-40B3-4AA9-A143-04084F6B0205}"
EndProject
Global
	GlobalSection(SolutionConfigurationPlatforms) = preSolution
		Debug|Any CPU = Debug|Any CPU
		Release|Any CPU = Release|Any CPU
	EndGlobalSection
	GlobalSection(ProjectConfigurationPlatforms) = postSolution
		{C86E10A8-096F-41E6-87F5-828A5AF2EF23}.Debug|Any CPU.ActiveCfg = Debug|Any CPU
		{C86E10A8-096F-41E6-87F5-828A5AF2EF23}.Debug|Any CPU.Build.0 = Debug|Any CPU
		{C86E10A8-096F-41E6-87F5-828A5AF2EF23}.Release|Any CPU.ActiveCfg = Release|Any CPU
		{C86E10A8-096F-41E6-87F5-828A5AF2EF23}.Release|Any CPU.Build.0 = Release|Any CPU
		{C7766AEE-DC38-441D-A55C-B0F4A49E4F47}.Debug|Any CPU.ActiveCfg = Debug|Any CPU
		{C7766AEE-DC38-441D-A55C-B0F4A49E4F47}.Debug|Any CPU.Build.0 = Debug|Any CPU
		{C7766AEE-DC38-441D-A55C-B0F4A49E4F47}.Release|Any CPU.ActiveCfg = Release|Any CPU
		{C7766AEE-DC38-441D-A55C-B0F4A49E4F47}.Release|Any CPU.Build.0 = Release|Any CPU
		{3525B7E5-BBD7-4F6E-9E64-9736CA558931}.Debug|Any CPU.ActiveCfg = Debug|Any CPU
		{3525B7E5-BBD7-4F6E-9E64-9736CA558931}.Debug|Any CPU.Build.0 = Debug|Any CPU
		{3525B7E5-BBD7-4F6E-9E64-9736CA558931}.Release|Any CPU.ActiveCfg = Release|Any CPU
		{3525B7E5-BBD7-4F6E-9E64-9736CA558931}.Release|Any CPU.Build.0 = Release|Any CPU
		{C0CD9096-79A1-4021-92B5-DBF690F0A361}.Debug|Any CPU.ActiveCfg = Debug|Any CPU
		{C0CD9096-79A1-4021-92B5-DBF690F0A361}.Debug|Any CPU.Build.0 = Debug|Any CPU
		{C0CD9096-79A1-4021-92B5-DBF690F0A361}.Release|Any CPU.ActiveCfg = Release|Any CPU
		{C0CD9096-79A1-4021-92B5-DBF690F0A361}.Release|Any CPU.Build.0 = Release|Any CPU
		{B1EEF127-0928-42D8-A805-54067623190B}.Debug|Any CPU.ActiveCfg = Debug|Any CPU
		{B1EEF127-0928-42D8-A805-54067623190B}.Debug|Any CPU.Build.0 = Debug|Any CPU
		{B1EEF127-0928-42D8-A805-54067623190B}.Release|Any CPU.ActiveCfg = Release|Any CPU
		{B1EEF127-0928-42D8-A805-54067623190B}.Release|Any CPU.Build.0 = Release|Any CPU
		{77600376-3B08-4A4E-B048-72A3D3566093}.Debug|Any CPU.ActiveCfg = Debug|Any CPU
		{77600376-3B08-4A4E-B048-72A3D3566093}.Debug|Any CPU.Build.0 = Debug|Any CPU
		{77600376-3B08-4A4E-B048-72A3D3566093}.Release|Any CPU.ActiveCfg = Release|Any CPU
		{77600376-3B08-4A4E-B048-72A3D3566093}.Release|Any CPU.Build.0 = Release|Any CPU
		{AAB4DD88-01A8-4F6C-90A3-F35EB94F984A}.Debug|Any CPU.ActiveCfg = Debug|Any CPU
		{AAB4DD88-01A8-4F6C-90A3-F35EB94F984A}.Debug|Any CPU.Build.0 = Debug|Any CPU
		{AAB4DD88-01A8-4F6C-90A3-F35EB94F984A}.Release|Any CPU.ActiveCfg = Release|Any CPU
		{AAB4DD88-01A8-4F6C-90A3-F35EB94F984A}.Release|Any CPU.Build.0 = Release|Any CPU
	EndGlobalSection
	GlobalSection(SolutionProperties) = preSolution
		HideSolutionNode = FALSE
	EndGlobalSection
	GlobalSection(NestedProjects) = preSolution
		{C86E10A8-096F-41E6-87F5-828A5AF2EF23} = {A1244988-A78A-4546-B132-C57529C97592}
		{C7766AEE-DC38-441D-A55C-B0F4A49E4F47} = {64D31E35-4CF6-4BD7-8B02-B4066C11F5ED}
		{3525B7E5-BBD7-4F6E-9E64-9736CA558931} = {64D31E35-4CF6-4BD7-8B02-B4066C11F5ED}
		{C0CD9096-79A1-4021-92B5-DBF690F0A361} = {9705EC34-40B3-4AA9-A143-04084F6B0205}
		{B1EEF127-0928-42D8-A805-54067623190B} = {7400C04C-F9AF-432B-B8C2-094E69286899}
		{77600376-3B08-4A4E-B048-72A3D3566093} = {7400C04C-F9AF-432B-B8C2-094E69286899}
		{AAB4DD88-01A8-4F6C-90A3-F35EB94F984A} = {9705EC34-40B3-4AA9-A143-04084F6B0205}
	EndGlobalSection
EndGlobal
