
Microsoft Visual Studio Solution File, Format Version 12.00
# Visual Studio 15
VisualStudioVersion = 15.0.26228.4
MinimumVisualStudioVersion = 10.0.40219.1
Project("{FAE04EC0-301F-11D3-BF4B-00C04F79EFBC}") = "Jambo.Domain", "Jambo.Domain\Jambo.Domain.csproj", "{C86E10A8-096F-41E6-87F5-828A5AF2EF23}"
EndProject
Project("{FAE04EC0-301F-11D3-BF4B-00C04F79EFBC}") = "Jambo.InfrastructureDapper", "Jambo.InfrastructureDapper\Jambo.InfrastructureDapper.csproj", "{58053CD1-549B-47FB-A7EA-60A4C8C89143}"
EndProject
Project("{FAE04EC0-301F-11D3-BF4B-00C04F79EFBC}") = "Jambo.InfrastructureEF", "Jambo.InfrastructureEF\Jambo.InfrastructureEF.csproj", "{CBAFD2DE-E9DB-43E6-A2E7-2B203E14ED98}"
EndProject
Project("{FAE04EC0-301F-11D3-BF4B-00C04F79EFBC}") = "Jambo.Application", "Jambo.Application\Jambo.Application.csproj", "{C7766AEE-DC38-441D-A55C-B0F4A49E4F47}"
EndProject
Global
	GlobalSection(SolutionConfigurationPlatforms) = preSolution
		Debug|Any CPU = Debug|Any CPU
		Release|Any CPU = Release|Any CPU
	EndGlobalSection
	GlobalSection(ProjectConfigurationPlatforms) = postSolution
		{C86E10A8-096F-41E6-87F5-828A5AF2EF23}.Debug|Any CPU.ActiveCfg = Debug|Any CPU
		{C86E10A8-096F-41E6-87F5-828A5AF2EF23}.Debug|Any CPU.Build.0 = Debug|Any CPU
		{C86E10A8-096F-41E6-87F5-828A5AF2EF23}.Release|Any CPU.ActiveCfg = Release|Any CPU
		{C86E10A8-096F-41E6-87F5-828A5AF2EF23}.Release|Any CPU.Build.0 = Release|Any CPU
		{58053CD1-549B-47FB-A7EA-60A4C8C89143}.Debug|Any CPU.ActiveCfg = Debug|Any CPU
		{58053CD1-549B-47FB-A7EA-60A4C8C89143}.Debug|Any CPU.Build.0 = Debug|Any CPU
		{58053CD1-549B-47FB-A7EA-60A4C8C89143}.Release|Any CPU.ActiveCfg = Release|Any CPU
		{58053CD1-549B-47FB-A7EA-60A4C8C89143}.Release|Any CPU.Build.0 = Release|Any CPU
		{CBAFD2DE-E9DB-43E6-A2E7-2B203E14ED98}.Debug|Any CPU.ActiveCfg = Debug|Any CPU
		{CBAFD2DE-E9DB-43E6-A2E7-2B203E14ED98}.Debug|Any CPU.Build.0 = Debug|Any CPU
		{CBAFD2DE-E9DB-43E6-A2E7-2B203E14ED98}.Release|Any CPU.ActiveCfg = Release|Any CPU
		{CBAFD2DE-E9DB-43E6-A2E7-2B203E14ED98}.Release|Any CPU.Build.0 = Release|Any CPU
		{C7766AEE-DC38-441D-A55C-B0F4A49E4F47}.Debug|Any CPU.ActiveCfg = Debug|Any CPU
		{C7766AEE-DC38-441D-A55C-B0F4A49E4F47}.Debug|Any CPU.Build.0 = Debug|Any CPU
		{C7766AEE-DC38-441D-A55C-B0F4A49E4F47}.Release|Any CPU.ActiveCfg = Release|Any CPU
		{C7766AEE-DC38-441D-A55C-B0F4A49E4F47}.Release|Any CPU.Build.0 = Release|Any CPU
	EndGlobalSection
	GlobalSection(SolutionProperties) = preSolution
		HideSolutionNode = FALSE
	EndGlobalSection
EndGlobal
