
Microsoft Visual Studio Solution File, Format Version 12.00
# Visual Studio 15
VisualStudioVersion = 15.0.26228.4
MinimumVisualStudioVersion = 10.0.40219.1
Project("{FAE04EC0-301F-11D3-BF4B-00C04F79EFBC}") = "Jambo.Domain", "Jambo.Domain\Jambo.Domain.csproj", "{C86E10A8-096F-41E6-87F5-828A5AF2EF23}"
EndProject
Project("{FAE04EC0-301F-11D3-BF4B-00C04F79EFBC}") = "Jambo.InfrastructureDapper", "Jambo.InfrastructureDapper\Jambo.InfrastructureDapper.csproj", "{58053CD1-549B-47FB-A7EA-60A4C8C89143}"
EndProject
Project("{FAE04EC0-301F-11D3-BF4B-00C04F79EFBC}") = "Jambo.InfrastructureEF", "Jambo.InfrastructureEF\Jambo.InfrastructureEF.csproj", "{CBAFD2DE-E9DB-43E6-A2E7-2B203E14ED98}"
EndProject
Project("{FAE04EC0-301F-11D3-BF4B-00C04F79EFBC}") = "Jambo.Application", "Jambo.Application\Jambo.Application.csproj", "{C7766AEE-DC38-441D-A55C-B0F4A49E4F47}"
EndProject
Project("{FAE04EC0-301F-11D3-BF4B-00C04F79EFBC}") = "Jambo.API", "Jambo.API\Jambo.API.csproj", "{3525B7E5-BBD7-4F6E-9E64-9736CA558931}"
EndProject
Project("{E53339B2-1760-4266-BCC7-CA923CBCF16C}") = "docker-compose", "docker-compose.dcproj", "{C0CD9096-79A1-4021-92B5-DBF690F0A361}"
EndProject
Project("{FAE04EC0-301F-11D3-BF4B-00C04F79EFBC}") = "Jambo.IoC", "Jambo.IoC\Jambo.IoC.csproj", "{5A9B4D18-80AB-487D-A3A2-7529D5303B0D}"
EndProject
Project("{2150E333-8FDC-42A3-9474-1A3956D46DE8}") = "Solution Items", "Solution Items", "{94449DE8-DFCA-4486-AC5A-8BAED381281F}"
	ProjectSection(SolutionItems) = preProject
		CodeMap1.dgml = CodeMap1.dgml
	EndProjectSection
EndProject
Global
	GlobalSection(SolutionConfigurationPlatforms) = preSolution
		Debug|Any CPU = Debug|Any CPU
		Release|Any CPU = Release|Any CPU
	EndGlobalSection
	GlobalSection(ProjectConfigurationPlatforms) = postSolution
		{C86E10A8-096F-41E6-87F5-828A5AF2EF23}.Debug|Any CPU.ActiveCfg = Debug|Any CPU
		{C86E10A8-096F-41E6-87F5-828A5AF2EF23}.Debug|Any CPU.Build.0 = Debug|Any CPU
		{C86E10A8-096F-41E6-87F5-828A5AF2EF23}.Release|Any CPU.ActiveCfg = Release|Any CPU
		{C86E10A8-096F-41E6-87F5-828A5AF2EF23}.Release|Any CPU.Build.0 = Release|Any CPU
		{58053CD1-549B-47FB-A7EA-60A4C8C89143}.Debug|Any CPU.ActiveCfg = Debug|Any CPU
		{58053CD1-549B-47FB-A7EA-60A4C8C89143}.Debug|Any CPU.Build.0 = Debug|Any CPU
		{58053CD1-549B-47FB-A7EA-60A4C8C89143}.Release|Any CPU.ActiveCfg = Release|Any CPU
		{58053CD1-549B-47FB-A7EA-60A4C8C89143}.Release|Any CPU.Build.0 = Release|Any CPU
		{CBAFD2DE-E9DB-43E6-A2E7-2B203E14ED98}.Debug|Any CPU.ActiveCfg = Debug|Any CPU
		{CBAFD2DE-E9DB-43E6-A2E7-2B203E14ED98}.Debug|Any CPU.Build.0 = Debug|Any CPU
		{CBAFD2DE-E9DB-43E6-A2E7-2B203E14ED98}.Release|Any CPU.ActiveCfg = Release|Any CPU
		{CBAFD2DE-E9DB-43E6-A2E7-2B203E14ED98}.Release|Any CPU.Build.0 = Release|Any CPU
		{C7766AEE-DC38-441D-A55C-B0F4A49E4F47}.Debug|Any CPU.ActiveCfg = Debug|Any CPU
		{C7766AEE-DC38-441D-A55C-B0F4A49E4F47}.Debug|Any CPU.Build.0 = Debug|Any CPU
		{C7766AEE-DC38-441D-A55C-B0F4A49E4F47}.Release|Any CPU.ActiveCfg = Release|Any CPU
		{C7766AEE-DC38-441D-A55C-B0F4A49E4F47}.Release|Any CPU.Build.0 = Release|Any CPU
		{3525B7E5-BBD7-4F6E-9E64-9736CA558931}.Debug|Any CPU.ActiveCfg = Debug|Any CPU
		{3525B7E5-BBD7-4F6E-9E64-9736CA558931}.Debug|Any CPU.Build.0 = Debug|Any CPU
		{3525B7E5-BBD7-4F6E-9E64-9736CA558931}.Release|Any CPU.ActiveCfg = Release|Any CPU
		{3525B7E5-BBD7-4F6E-9E64-9736CA558931}.Release|Any CPU.Build.0 = Release|Any CPU
		{C0CD9096-79A1-4021-92B5-DBF690F0A361}.Debug|Any CPU.ActiveCfg = Debug|Any CPU
		{C0CD9096-79A1-4021-92B5-DBF690F0A361}.Debug|Any CPU.Build.0 = Debug|Any CPU
		{C0CD9096-79A1-4021-92B5-DBF690F0A361}.Release|Any CPU.ActiveCfg = Release|Any CPU
		{C0CD9096-79A1-4021-92B5-DBF690F0A361}.Release|Any CPU.Build.0 = Release|Any CPU
		{5A9B4D18-80AB-487D-A3A2-7529D5303B0D}.Debug|Any CPU.ActiveCfg = Debug|Any CPU
		{5A9B4D18-80AB-487D-A3A2-7529D5303B0D}.Debug|Any CPU.Build.0 = Debug|Any CPU
		{5A9B4D18-80AB-487D-A3A2-7529D5303B0D}.Release|Any CPU.ActiveCfg = Release|Any CPU
		{5A9B4D18-80AB-487D-A3A2-7529D5303B0D}.Release|Any CPU.Build.0 = Release|Any CPU
	EndGlobalSection
	GlobalSection(SolutionProperties) = preSolution
		HideSolutionNode = FALSE
	EndGlobalSection
EndGlobal
