
Microsoft Visual Studio Solution File, Format Version 12.00
# Visual Studio 14
VisualStudioVersion = 14.0.25420.1
MinimumVisualStudioVersion = 10.0.40219.1
Project("{8BB2217D-0F2D-49D1-97BC-3654ED321F3B}") = "Jambo.Core", "Jambo.Core\Jambo.Core.xproj", "{4C116E5C-8DF9-442E-BE3D-3EC181D1159B}"
EndProject
Project("{8BB2217D-0F2D-49D1-97BC-3654ED321F3B}") = "Jambo.Infrastructure", "Jambo.Infrastructure\Jambo.Infrastructure.xproj", "{B28E1C3D-63B9-4161-858E-DA539D1F3602}"
EndProject
Project("{8BB2217D-0F2D-49D1-97BC-3654ED321F3B}") = "Jambo.Core.Services", "Jambo.Core.Services\Jambo.Core.Services.xproj", "{7625AF8C-4F41-4EE4-AB82-AFDF152175E8}"
EndProject
Project("{8BB2217D-0F2D-49D1-97BC-3654ED321F3B}") = "Jambo.Core.Services.Aggregates.Validation", "Jambo.Core.Services.Aggregates.Validation\Jambo.Core.Services.Aggregates.Validation.xproj", "{BD30E4A4-8B64-4F6C-8762-1637EDFA44B7}"
EndProject
Project("{8BB2217D-0F2D-49D1-97BC-3654ED321F3B}") = "Jambo.Core.Interfaces", "Jambo.Core.Interfaces\Jambo.Core.Interfaces.xproj", "{EF66635E-447C-4E4E-8C5C-044B501B51E0}"
EndProject
Global
	GlobalSection(SolutionConfigurationPlatforms) = preSolution
		Debug|Any CPU = Debug|Any CPU
		Release|Any CPU = Release|Any CPU
	EndGlobalSection
	GlobalSection(ProjectConfigurationPlatforms) = postSolution
		{4C116E5C-8DF9-442E-BE3D-3EC181D1159B}.Debug|Any CPU.ActiveCfg = Debug|Any CPU
		{4C116E5C-8DF9-442E-BE3D-3EC181D1159B}.Debug|Any CPU.Build.0 = Debug|Any CPU
		{4C116E5C-8DF9-442E-BE3D-3EC181D1159B}.Release|Any CPU.ActiveCfg = Release|Any CPU
		{4C116E5C-8DF9-442E-BE3D-3EC181D1159B}.Release|Any CPU.Build.0 = Release|Any CPU
		{B28E1C3D-63B9-4161-858E-DA539D1F3602}.Debug|Any CPU.ActiveCfg = Debug|Any CPU
		{B28E1C3D-63B9-4161-858E-DA539D1F3602}.Debug|Any CPU.Build.0 = Debug|Any CPU
		{B28E1C3D-63B9-4161-858E-DA539D1F3602}.Release|Any CPU.ActiveCfg = Release|Any CPU
		{B28E1C3D-63B9-4161-858E-DA539D1F3602}.Release|Any CPU.Build.0 = Release|Any CPU
		{7625AF8C-4F41-4EE4-AB82-AFDF152175E8}.Debug|Any CPU.ActiveCfg = Debug|Any CPU
		{7625AF8C-4F41-4EE4-AB82-AFDF152175E8}.Debug|Any CPU.Build.0 = Debug|Any CPU
		{7625AF8C-4F41-4EE4-AB82-AFDF152175E8}.Release|Any CPU.ActiveCfg = Release|Any CPU
		{7625AF8C-4F41-4EE4-AB82-AFDF152175E8}.Release|Any CPU.Build.0 = Release|Any CPU
		{BD30E4A4-8B64-4F6C-8762-1637EDFA44B7}.Debug|Any CPU.ActiveCfg = Debug|Any CPU
		{BD30E4A4-8B64-4F6C-8762-1637EDFA44B7}.Debug|Any CPU.Build.0 = Debug|Any CPU
		{BD30E4A4-8B64-4F6C-8762-1637EDFA44B7}.Release|Any CPU.ActiveCfg = Release|Any CPU
		{BD30E4A4-8B64-4F6C-8762-1637EDFA44B7}.Release|Any CPU.Build.0 = Release|Any CPU
		{EF66635E-447C-4E4E-8C5C-044B501B51E0}.Debug|Any CPU.ActiveCfg = Debug|Any CPU
		{EF66635E-447C-4E4E-8C5C-044B501B51E0}.Debug|Any CPU.Build.0 = Debug|Any CPU
		{EF66635E-447C-4E4E-8C5C-044B501B51E0}.Release|Any CPU.ActiveCfg = Release|Any CPU
		{EF66635E-447C-4E4E-8C5C-044B501B51E0}.Release|Any CPU.Build.0 = Release|Any CPU
	EndGlobalSection
	GlobalSection(SolutionProperties) = preSolution
		HideSolutionNode = FALSE
	EndGlobalSection
EndGlobal
