
Microsoft Visual Studio Solution File, Format Version 12.00
# Visual Studio 14
VisualStudioVersion = 14.0.25420.1
MinimumVisualStudioVersion = 10.0.40219.1
Project("{8BB2217D-0F2D-49D1-97BC-3654ED321F3B}") = "Jambo.Core", "Jambo.Core\Jambo.Core.xproj", "{BE0465F5-EE34-4C59-BC42-5EDE206D9BC4}"
EndProject
Project("{8BB2217D-0F2D-49D1-97BC-3654ED321F3B}") = "Jambo.WebAPI", "Jambo.WebAPI\Jambo.WebAPI.xproj", "{F60658D2-762B-401F-80E8-2C6B563342AF}"
EndProject
Project("{8BB2217D-0F2D-49D1-97BC-3654ED321F3B}") = "Jambo.Validation", "Jambo.Validation\Jambo.Validation.xproj", "{AD4BEC39-765C-4CAD-BA61-FFECB4D736C2}"
EndProject
Project("{2150E333-8FDC-42A3-9474-1A3956D46DE8}") = "Core", "Core", "{8EF7CF2F-8E8E-4F18-B6E1-544130FA817F}"
EndProject
Project("{2150E333-8FDC-42A3-9474-1A3956D46DE8}") = "Infrastructure", "Infrastructure", "{CFFF3492-C1B7-417A-969D-A349EA064F58}"
EndProject
Project("{8BB2217D-0F2D-49D1-97BC-3654ED321F3B}") = "Jambo.Infrastructure.Dapper", "Jambo.Infrastructure.Dapper\Jambo.Infrastructure.Dapper.xproj", "{B7F49DD0-DEDB-4BC3-AD73-FEEC75367377}"
EndProject
Project("{8BB2217D-0F2D-49D1-97BC-3654ED321F3B}") = "Jambo.Infrastructure.EF", "Jambo.Infrastructure.EF\Jambo.Infrastructure.EF.xproj", "{EE3431F2-4475-4DF6-9C69-D5631A80F6E1}"
EndProject
Project("{8BB2217D-0F2D-49D1-97BC-3654ED321F3B}") = "Jambo.IoC", "Jambo.IoC\Jambo.IoC.xproj", "{6BA028C6-EBC8-46A6-B82A-9EFFDF50A92B}"
EndProject
Global
	GlobalSection(SolutionConfigurationPlatforms) = preSolution
		Debug|Any CPU = Debug|Any CPU
		Release|Any CPU = Release|Any CPU
	EndGlobalSection
	GlobalSection(ProjectConfigurationPlatforms) = postSolution
		{BE0465F5-EE34-4C59-BC42-5EDE206D9BC4}.Debug|Any CPU.ActiveCfg = Debug|Any CPU
		{BE0465F5-EE34-4C59-BC42-5EDE206D9BC4}.Debug|Any CPU.Build.0 = Debug|Any CPU
		{BE0465F5-EE34-4C59-BC42-5EDE206D9BC4}.Release|Any CPU.ActiveCfg = Release|Any CPU
		{BE0465F5-EE34-4C59-BC42-5EDE206D9BC4}.Release|Any CPU.Build.0 = Release|Any CPU
		{F60658D2-762B-401F-80E8-2C6B563342AF}.Debug|Any CPU.ActiveCfg = Debug|Any CPU
		{F60658D2-762B-401F-80E8-2C6B563342AF}.Debug|Any CPU.Build.0 = Debug|Any CPU
		{F60658D2-762B-401F-80E8-2C6B563342AF}.Release|Any CPU.ActiveCfg = Release|Any CPU
		{F60658D2-762B-401F-80E8-2C6B563342AF}.Release|Any CPU.Build.0 = Release|Any CPU
		{AD4BEC39-765C-4CAD-BA61-FFECB4D736C2}.Debug|Any CPU.ActiveCfg = Debug|Any CPU
		{AD4BEC39-765C-4CAD-BA61-FFECB4D736C2}.Debug|Any CPU.Build.0 = Debug|Any CPU
		{AD4BEC39-765C-4CAD-BA61-FFECB4D736C2}.Release|Any CPU.ActiveCfg = Release|Any CPU
		{AD4BEC39-765C-4CAD-BA61-FFECB4D736C2}.Release|Any CPU.Build.0 = Release|Any CPU
		{B7F49DD0-DEDB-4BC3-AD73-FEEC75367377}.Debug|Any CPU.ActiveCfg = Debug|Any CPU
		{B7F49DD0-DEDB-4BC3-AD73-FEEC75367377}.Debug|Any CPU.Build.0 = Debug|Any CPU
		{B7F49DD0-DEDB-4BC3-AD73-FEEC75367377}.Release|Any CPU.ActiveCfg = Release|Any CPU
		{B7F49DD0-DEDB-4BC3-AD73-FEEC75367377}.Release|Any CPU.Build.0 = Release|Any CPU
		{EE3431F2-4475-4DF6-9C69-D5631A80F6E1}.Debug|Any CPU.ActiveCfg = Debug|Any CPU
		{EE3431F2-4475-4DF6-9C69-D5631A80F6E1}.Debug|Any CPU.Build.0 = Debug|Any CPU
		{EE3431F2-4475-4DF6-9C69-D5631A80F6E1}.Release|Any CPU.ActiveCfg = Release|Any CPU
		{EE3431F2-4475-4DF6-9C69-D5631A80F6E1}.Release|Any CPU.Build.0 = Release|Any CPU
		{6BA028C6-EBC8-46A6-B82A-9EFFDF50A92B}.Debug|Any CPU.ActiveCfg = Debug|Any CPU
		{6BA028C6-EBC8-46A6-B82A-9EFFDF50A92B}.Debug|Any CPU.Build.0 = Debug|Any CPU
		{6BA028C6-EBC8-46A6-B82A-9EFFDF50A92B}.Release|Any CPU.ActiveCfg = Release|Any CPU
		{6BA028C6-EBC8-46A6-B82A-9EFFDF50A92B}.Release|Any CPU.Build.0 = Release|Any CPU
	EndGlobalSection
	GlobalSection(SolutionProperties) = preSolution
		HideSolutionNode = FALSE
	EndGlobalSection
	GlobalSection(NestedProjects) = preSolution
		{BE0465F5-EE34-4C59-BC42-5EDE206D9BC4} = {8EF7CF2F-8E8E-4F18-B6E1-544130FA817F}
		{AD4BEC39-765C-4CAD-BA61-FFECB4D736C2} = {8EF7CF2F-8E8E-4F18-B6E1-544130FA817F}
		{B7F49DD0-DEDB-4BC3-AD73-FEEC75367377} = {CFFF3492-C1B7-417A-969D-A349EA064F58}
		{EE3431F2-4475-4DF6-9C69-D5631A80F6E1} = {CFFF3492-C1B7-417A-969D-A349EA064F58}
	EndGlobalSection
EndGlobal
