
Microsoft Visual Studio Solution File, Format Version 12.00
# Visual Studio 15
VisualStudioVersion = 15.0.26730.10
MinimumVisualStudioVersion = 10.0.40219.1
Project("{9A19103F-16F7-4668-BE54-9A1E7A4F7556}") = "Jambo.Domain", "Jambo.Domain\Jambo.Domain.csproj", "{ED9F252F-10E5-4A65-ADA0-122D61D655A4}"
EndProject
Project("{9A19103F-16F7-4668-BE54-9A1E7A4F7556}") = "Jambo.Application", "Jambo.Application\Jambo.Application.csproj", "{74778F28-D770-404B-8A84-C7A1330E1B88}"
EndProject
Project("{9A19103F-16F7-4668-BE54-9A1E7A4F7556}") = "Jambo.KafkaBus", "Jambo.KafkaBus\Jambo.KafkaBus.csproj", "{9B438152-A906-4DB9-AC1D-E942150FC60B}"
EndProject
Project("{2150E333-8FDC-42A3-9474-1A3956D46DE8}") = "Producer", "Producer", "{066BF611-6FB7-43D0-8D6E-67346A9BC779}"
EndProject
Project("{9A19103F-16F7-4668-BE54-9A1E7A4F7556}") = "Jambo.Infrastructure", "Jambo.Infrastructure\Jambo.Infrastructure.csproj", "{A713A828-712D-4F6B-AC93-C9D5EFF8F085}"
EndProject
Project("{2150E333-8FDC-42A3-9474-1A3956D46DE8}") = "Shared", "Shared", "{C4330A47-85B8-4250-AD82-373F99D5166E}"
EndProject
Project("{E53339B2-1760-4266-BCC7-CA923CBCF16C}") = "docker-compose", "docker-compose.dcproj", "{D86C75F8-4DFF-4A5D-AC97-30A84C4704A1}"
EndProject
Project("{2150E333-8FDC-42A3-9474-1A3956D46DE8}") = "Setup", "Setup", "{662A00BF-AAA6-442D-9D56-F357D63A4C8B}"
	ProjectSection(SolutionItems) = preProject
		Setup\mongo.txt = Setup\mongo.txt
		Setup\spotify-docker-kafka.txt = Setup\spotify-docker-kafka.txt
	EndProjectSection
EndProject
Project("{9A19103F-16F7-4668-BE54-9A1E7A4F7556}") = "Jambo.Web", "Jambo.Web\Jambo.Web.csproj", "{95908E6F-F64E-44BF-95E7-8FA8AA3FDA0D}"
EndProject
Project("{9A19103F-16F7-4668-BE54-9A1E7A4F7556}") = "Jambo.IoC", "Jambo.IoC\Jambo.IoC.csproj", "{E3124A70-0D8C-4B6B-AFDA-16D3A85CD0AC}"
EndProject
Project("{2150E333-8FDC-42A3-9474-1A3956D46DE8}") = "Consumer", "Consumer", "{33D03AC5-2B35-4743-AFFD-F9A6CFB1D2C2}"
EndProject
Project("{FAE04EC0-301F-11D3-BF4B-00C04F79EFBC}") = "Jambo.Consumer", "Jambo.Consumer\Jambo.Consumer.csproj", "{1EE81DC2-FA20-4352-9A84-D897BF700276}"
EndProject
Global
	GlobalSection(SolutionConfigurationPlatforms) = preSolution
		Debug|Any CPU = Debug|Any CPU
		Release|Any CPU = Release|Any CPU
	EndGlobalSection
	GlobalSection(ProjectConfigurationPlatforms) = postSolution
		{ED9F252F-10E5-4A65-ADA0-122D61D655A4}.Debug|Any CPU.ActiveCfg = Debug|Any CPU
		{ED9F252F-10E5-4A65-ADA0-122D61D655A4}.Debug|Any CPU.Build.0 = Debug|Any CPU
		{ED9F252F-10E5-4A65-ADA0-122D61D655A4}.Release|Any CPU.ActiveCfg = Release|Any CPU
		{ED9F252F-10E5-4A65-ADA0-122D61D655A4}.Release|Any CPU.Build.0 = Release|Any CPU
		{74778F28-D770-404B-8A84-C7A1330E1B88}.Debug|Any CPU.ActiveCfg = Debug|Any CPU
		{74778F28-D770-404B-8A84-C7A1330E1B88}.Debug|Any CPU.Build.0 = Debug|Any CPU
		{74778F28-D770-404B-8A84-C7A1330E1B88}.Release|Any CPU.ActiveCfg = Release|Any CPU
		{74778F28-D770-404B-8A84-C7A1330E1B88}.Release|Any CPU.Build.0 = Release|Any CPU
		{9B438152-A906-4DB9-AC1D-E942150FC60B}.Debug|Any CPU.ActiveCfg = Debug|Any CPU
		{9B438152-A906-4DB9-AC1D-E942150FC60B}.Debug|Any CPU.Build.0 = Debug|Any CPU
		{9B438152-A906-4DB9-AC1D-E942150FC60B}.Release|Any CPU.ActiveCfg = Release|Any CPU
		{9B438152-A906-4DB9-AC1D-E942150FC60B}.Release|Any CPU.Build.0 = Release|Any CPU
		{A713A828-712D-4F6B-AC93-C9D5EFF8F085}.Debug|Any CPU.ActiveCfg = Debug|Any CPU
		{A713A828-712D-4F6B-AC93-C9D5EFF8F085}.Debug|Any CPU.Build.0 = Debug|Any CPU
		{A713A828-712D-4F6B-AC93-C9D5EFF8F085}.Release|Any CPU.ActiveCfg = Release|Any CPU
		{A713A828-712D-4F6B-AC93-C9D5EFF8F085}.Release|Any CPU.Build.0 = Release|Any CPU
		{D86C75F8-4DFF-4A5D-AC97-30A84C4704A1}.Debug|Any CPU.ActiveCfg = Debug|Any CPU
		{D86C75F8-4DFF-4A5D-AC97-30A84C4704A1}.Debug|Any CPU.Build.0 = Debug|Any CPU
		{D86C75F8-4DFF-4A5D-AC97-30A84C4704A1}.Release|Any CPU.ActiveCfg = Release|Any CPU
		{D86C75F8-4DFF-4A5D-AC97-30A84C4704A1}.Release|Any CPU.Build.0 = Release|Any CPU
		{95908E6F-F64E-44BF-95E7-8FA8AA3FDA0D}.Debug|Any CPU.ActiveCfg = Debug|Any CPU
		{95908E6F-F64E-44BF-95E7-8FA8AA3FDA0D}.Debug|Any CPU.Build.0 = Debug|Any CPU
		{95908E6F-F64E-44BF-95E7-8FA8AA3FDA0D}.Release|Any CPU.ActiveCfg = Release|Any CPU
		{95908E6F-F64E-44BF-95E7-8FA8AA3FDA0D}.Release|Any CPU.Build.0 = Release|Any CPU
		{E3124A70-0D8C-4B6B-AFDA-16D3A85CD0AC}.Debug|Any CPU.ActiveCfg = Debug|Any CPU
		{E3124A70-0D8C-4B6B-AFDA-16D3A85CD0AC}.Debug|Any CPU.Build.0 = Debug|Any CPU
		{E3124A70-0D8C-4B6B-AFDA-16D3A85CD0AC}.Release|Any CPU.ActiveCfg = Release|Any CPU
		{E3124A70-0D8C-4B6B-AFDA-16D3A85CD0AC}.Release|Any CPU.Build.0 = Release|Any CPU
		{1EE81DC2-FA20-4352-9A84-D897BF700276}.Debug|Any CPU.ActiveCfg = Debug|Any CPU
		{1EE81DC2-FA20-4352-9A84-D897BF700276}.Debug|Any CPU.Build.0 = Debug|Any CPU
		{1EE81DC2-FA20-4352-9A84-D897BF700276}.Release|Any CPU.ActiveCfg = Release|Any CPU
		{1EE81DC2-FA20-4352-9A84-D897BF700276}.Release|Any CPU.Build.0 = Release|Any CPU
	EndGlobalSection
	GlobalSection(SolutionProperties) = preSolution
		HideSolutionNode = FALSE
	EndGlobalSection
	GlobalSection(NestedProjects) = preSolution
		{74778F28-D770-404B-8A84-C7A1330E1B88} = {066BF611-6FB7-43D0-8D6E-67346A9BC779}
		{9B438152-A906-4DB9-AC1D-E942150FC60B} = {C4330A47-85B8-4250-AD82-373F99D5166E}
		{A713A828-712D-4F6B-AC93-C9D5EFF8F085} = {066BF611-6FB7-43D0-8D6E-67346A9BC779}
		{95908E6F-F64E-44BF-95E7-8FA8AA3FDA0D} = {066BF611-6FB7-43D0-8D6E-67346A9BC779}
		{E3124A70-0D8C-4B6B-AFDA-16D3A85CD0AC} = {C4330A47-85B8-4250-AD82-373F99D5166E}
		{1EE81DC2-FA20-4352-9A84-D897BF700276} = {33D03AC5-2B35-4743-AFFD-F9A6CFB1D2C2}
	EndGlobalSection
	GlobalSection(ExtensibilityGlobals) = postSolution
		SolutionGuid = {54AE4BA0-6081-4892-A9B9-3F8D15D994C8}
	EndGlobalSection
EndGlobal
