
Microsoft Visual Studio Solution File, Format Version 12.00
# Visual Studio 15
VisualStudioVersion = 15.0.26730.3
MinimumVisualStudioVersion = 10.0.40219.1
Project("{9A19103F-16F7-4668-BE54-9A1E7A4F7556}") = "Jambo.Domain", "Jambo.Domain\Jambo.Domain.csproj", "{ED9F252F-10E5-4A65-ADA0-122D61D655A4}"
EndProject
Project("{2150E333-8FDC-42A3-9474-1A3956D46DE8}") = "Producer", "Producer", "{066BF611-6FB7-43D0-8D6E-67346A9BC779}"
EndProject
Project("{E53339B2-1760-4266-BCC7-CA923CBCF16C}") = "docker-compose", "docker-compose.dcproj", "{D86C75F8-4DFF-4A5D-AC97-30A84C4704A1}"
EndProject
Project("{2150E333-8FDC-42A3-9474-1A3956D46DE8}") = "Consumer", "Consumer", "{33D03AC5-2B35-4743-AFFD-F9A6CFB1D2C2}"
EndProject
Project("{9A19103F-16F7-4668-BE54-9A1E7A4F7556}") = "Jambo.Consumer.Application", "Jambo.Consumer.Application\Jambo.Consumer.Application.csproj", "{601F90B1-4BE4-462E-8595-AAAA49B80405}"
EndProject
Project("{9A19103F-16F7-4668-BE54-9A1E7A4F7556}") = "Jambo.Producer.Application", "Jambo.Producer.Application\Jambo.Producer.Application.csproj", "{9E73933B-2008-4D46-A92C-CC8D79A53CF7}"
EndProject
Project("{2150E333-8FDC-42A3-9474-1A3956D46DE8}") = "Tests", "Tests", "{04236BAA-E232-4DB1-9A3F-4DD09FAD360C}"
EndProject
Project("{9A19103F-16F7-4668-BE54-9A1E7A4F7556}") = "Jambo.Domain.UnitTests", "Jambo.Domain.UnitTests\Jambo.Domain.UnitTests.csproj", "{B59AD81D-93F9-425F-8F87-DF13561BE424}"
EndProject
Project("{2150E333-8FDC-42A3-9474-1A3956D46DE8}") = "Auth", "Auth", "{76E371C7-60D9-4E60-8990-1A31347721C6}"
EndProject
Project("{9A19103F-16F7-4668-BE54-9A1E7A4F7556}") = "Jambo.Auth.WebAPI", "Jambo.Auth.WebAPI\Jambo.Auth.WebAPI.csproj", "{E50840C2-6EC5-44CC-9A9B-E777980C8562}"
EndProject
Project("{9A19103F-16F7-4668-BE54-9A1E7A4F7556}") = "Jambo.Auth.Application", "Jambo.Auth.Application\Jambo.Auth.Application.csproj", "{CADA8CE3-F53F-46FE-80B1-F898AEC640E1}"
EndProject
Project("{9A19103F-16F7-4668-BE54-9A1E7A4F7556}") = "Jambo.Auth.IoC", "Jambo.Auth.IoC\Jambo.Auth.IoC.csproj", "{D772C4CD-9739-4857-95AB-799CE93B01C8}"
EndProject
Project("{9A19103F-16F7-4668-BE54-9A1E7A4F7556}") = "Jambo.Producer.Infrastructure", "Jambo.Producer.Infrastructure\Jambo.Producer.Infrastructure.csproj", "{6327FB91-C89F-4C49-A14D-C7CA4D36CF04}"
EndProject
Project("{9A19103F-16F7-4668-BE54-9A1E7A4F7556}") = "Jambo.Consumer.Infrastructure", "Jambo.Consumer.Infrastructure\Jambo.Consumer.Infrastructure.csproj", "{645C9138-DA59-48C8-A15E-D720874DD148}"
EndProject
Project("{9A19103F-16F7-4668-BE54-9A1E7A4F7556}") = "Jambo.Producer.UI", "Jambo.Producer.UI\Jambo.Producer.UI.csproj", "{2A775BCB-3811-48E6-B617-0CB1DC5EFF14}"
EndProject
Project("{9A19103F-16F7-4668-BE54-9A1E7A4F7556}") = "Jambo.Consumer.UI", "Jambo.Consumer.UI\Jambo.Consumer.UI.csproj", "{2DE46C71-8F62-47DA-9193-E7EB9A54EDE8}"
EndProject
Global
	GlobalSection(SolutionConfigurationPlatforms) = preSolution
		Debug|Any CPU = Debug|Any CPU
		Release|Any CPU = Release|Any CPU
	EndGlobalSection
	GlobalSection(ProjectConfigurationPlatforms) = postSolution
		{ED9F252F-10E5-4A65-ADA0-122D61D655A4}.Debug|Any CPU.ActiveCfg = Debug|Any CPU
		{ED9F252F-10E5-4A65-ADA0-122D61D655A4}.Debug|Any CPU.Build.0 = Debug|Any CPU
		{ED9F252F-10E5-4A65-ADA0-122D61D655A4}.Release|Any CPU.ActiveCfg = Release|Any CPU
		{ED9F252F-10E5-4A65-ADA0-122D61D655A4}.Release|Any CPU.Build.0 = Release|Any CPU
		{D86C75F8-4DFF-4A5D-AC97-30A84C4704A1}.Debug|Any CPU.ActiveCfg = Debug|Any CPU
		{D86C75F8-4DFF-4A5D-AC97-30A84C4704A1}.Debug|Any CPU.Build.0 = Debug|Any CPU
		{D86C75F8-4DFF-4A5D-AC97-30A84C4704A1}.Release|Any CPU.ActiveCfg = Release|Any CPU
		{D86C75F8-4DFF-4A5D-AC97-30A84C4704A1}.Release|Any CPU.Build.0 = Release|Any CPU
		{601F90B1-4BE4-462E-8595-AAAA49B80405}.Debug|Any CPU.ActiveCfg = Debug|Any CPU
		{601F90B1-4BE4-462E-8595-AAAA49B80405}.Debug|Any CPU.Build.0 = Debug|Any CPU
		{601F90B1-4BE4-462E-8595-AAAA49B80405}.Release|Any CPU.ActiveCfg = Release|Any CPU
		{601F90B1-4BE4-462E-8595-AAAA49B80405}.Release|Any CPU.Build.0 = Release|Any CPU
		{9E73933B-2008-4D46-A92C-CC8D79A53CF7}.Debug|Any CPU.ActiveCfg = Debug|Any CPU
		{9E73933B-2008-4D46-A92C-CC8D79A53CF7}.Debug|Any CPU.Build.0 = Debug|Any CPU
		{9E73933B-2008-4D46-A92C-CC8D79A53CF7}.Release|Any CPU.ActiveCfg = Release|Any CPU
		{9E73933B-2008-4D46-A92C-CC8D79A53CF7}.Release|Any CPU.Build.0 = Release|Any CPU
		{B59AD81D-93F9-425F-8F87-DF13561BE424}.Debug|Any CPU.ActiveCfg = Debug|Any CPU
		{B59AD81D-93F9-425F-8F87-DF13561BE424}.Debug|Any CPU.Build.0 = Debug|Any CPU
		{B59AD81D-93F9-425F-8F87-DF13561BE424}.Release|Any CPU.ActiveCfg = Release|Any CPU
		{B59AD81D-93F9-425F-8F87-DF13561BE424}.Release|Any CPU.Build.0 = Release|Any CPU
		{E50840C2-6EC5-44CC-9A9B-E777980C8562}.Debug|Any CPU.ActiveCfg = Debug|Any CPU
		{E50840C2-6EC5-44CC-9A9B-E777980C8562}.Debug|Any CPU.Build.0 = Debug|Any CPU
		{E50840C2-6EC5-44CC-9A9B-E777980C8562}.Release|Any CPU.ActiveCfg = Release|Any CPU
		{E50840C2-6EC5-44CC-9A9B-E777980C8562}.Release|Any CPU.Build.0 = Release|Any CPU
		{CADA8CE3-F53F-46FE-80B1-F898AEC640E1}.Debug|Any CPU.ActiveCfg = Debug|Any CPU
		{CADA8CE3-F53F-46FE-80B1-F898AEC640E1}.Debug|Any CPU.Build.0 = Debug|Any CPU
		{CADA8CE3-F53F-46FE-80B1-F898AEC640E1}.Release|Any CPU.ActiveCfg = Release|Any CPU
		{CADA8CE3-F53F-46FE-80B1-F898AEC640E1}.Release|Any CPU.Build.0 = Release|Any CPU
		{D772C4CD-9739-4857-95AB-799CE93B01C8}.Debug|Any CPU.ActiveCfg = Debug|Any CPU
		{D772C4CD-9739-4857-95AB-799CE93B01C8}.Debug|Any CPU.Build.0 = Debug|Any CPU
		{D772C4CD-9739-4857-95AB-799CE93B01C8}.Release|Any CPU.ActiveCfg = Release|Any CPU
		{D772C4CD-9739-4857-95AB-799CE93B01C8}.Release|Any CPU.Build.0 = Release|Any CPU
		{6327FB91-C89F-4C49-A14D-C7CA4D36CF04}.Debug|Any CPU.ActiveCfg = Debug|Any CPU
		{6327FB91-C89F-4C49-A14D-C7CA4D36CF04}.Debug|Any CPU.Build.0 = Debug|Any CPU
		{6327FB91-C89F-4C49-A14D-C7CA4D36CF04}.Release|Any CPU.ActiveCfg = Release|Any CPU
		{6327FB91-C89F-4C49-A14D-C7CA4D36CF04}.Release|Any CPU.Build.0 = Release|Any CPU
		{645C9138-DA59-48C8-A15E-D720874DD148}.Debug|Any CPU.ActiveCfg = Debug|Any CPU
		{645C9138-DA59-48C8-A15E-D720874DD148}.Debug|Any CPU.Build.0 = Debug|Any CPU
		{645C9138-DA59-48C8-A15E-D720874DD148}.Release|Any CPU.ActiveCfg = Release|Any CPU
		{645C9138-DA59-48C8-A15E-D720874DD148}.Release|Any CPU.Build.0 = Release|Any CPU
		{2A775BCB-3811-48E6-B617-0CB1DC5EFF14}.Debug|Any CPU.ActiveCfg = Debug|Any CPU
		{2A775BCB-3811-48E6-B617-0CB1DC5EFF14}.Debug|Any CPU.Build.0 = Debug|Any CPU
		{2A775BCB-3811-48E6-B617-0CB1DC5EFF14}.Release|Any CPU.ActiveCfg = Release|Any CPU
		{2A775BCB-3811-48E6-B617-0CB1DC5EFF14}.Release|Any CPU.Build.0 = Release|Any CPU
		{2DE46C71-8F62-47DA-9193-E7EB9A54EDE8}.Debug|Any CPU.ActiveCfg = Debug|Any CPU
		{2DE46C71-8F62-47DA-9193-E7EB9A54EDE8}.Debug|Any CPU.Build.0 = Debug|Any CPU
		{2DE46C71-8F62-47DA-9193-E7EB9A54EDE8}.Release|Any CPU.ActiveCfg = Release|Any CPU
		{2DE46C71-8F62-47DA-9193-E7EB9A54EDE8}.Release|Any CPU.Build.0 = Release|Any CPU
	EndGlobalSection
	GlobalSection(SolutionProperties) = preSolution
		HideSolutionNode = FALSE
	EndGlobalSection
	GlobalSection(NestedProjects) = preSolution
		{601F90B1-4BE4-462E-8595-AAAA49B80405} = {33D03AC5-2B35-4743-AFFD-F9A6CFB1D2C2}
		{9E73933B-2008-4D46-A92C-CC8D79A53CF7} = {066BF611-6FB7-43D0-8D6E-67346A9BC779}
		{B59AD81D-93F9-425F-8F87-DF13561BE424} = {04236BAA-E232-4DB1-9A3F-4DD09FAD360C}
		{E50840C2-6EC5-44CC-9A9B-E777980C8562} = {76E371C7-60D9-4E60-8990-1A31347721C6}
		{CADA8CE3-F53F-46FE-80B1-F898AEC640E1} = {76E371C7-60D9-4E60-8990-1A31347721C6}
		{D772C4CD-9739-4857-95AB-799CE93B01C8} = {76E371C7-60D9-4E60-8990-1A31347721C6}
		{6327FB91-C89F-4C49-A14D-C7CA4D36CF04} = {066BF611-6FB7-43D0-8D6E-67346A9BC779}
		{645C9138-DA59-48C8-A15E-D720874DD148} = {33D03AC5-2B35-4743-AFFD-F9A6CFB1D2C2}
		{2A775BCB-3811-48E6-B617-0CB1DC5EFF14} = {066BF611-6FB7-43D0-8D6E-67346A9BC779}
		{2DE46C71-8F62-47DA-9193-E7EB9A54EDE8} = {33D03AC5-2B35-4743-AFFD-F9A6CFB1D2C2}
	EndGlobalSection
	GlobalSection(ExtensibilityGlobals) = postSolution
		SolutionGuid = {54AE4BA0-6081-4892-A9B9-3F8D15D994C8}
	EndGlobalSection
EndGlobal
